
Microsoft Visual Studio Solution File, Format Version 12.00
# Visual Studio Version 17
VisualStudioVersion = 17.0.31903.59
MinimumVisualStudioVersion = 10.0.40219.1
Project("{2150E333-8FDC-42A3-9474-1A3956D46DE8}") = "src", "src", "{827E0CD3-B72D-47B6-A68D-7590B98EB39B}"
EndProject
Project("{FAE04EC0-301F-11D3-BF4B-00C04F79EFBC}") = "PromptFix.Api", "src\PromptFix.Api\PromptFix.Api.csproj", "{6A396FF9-E162-4AC9-84C4-D7D6DFD22272}"
EndProject
Project("{FAE04EC0-301F-11D3-BF4B-00C04F79EFBC}") = "PromptFix.Api.Tests", "tests\PromptFix.Api.Tests\PromptFix.Api.Tests.csproj", "{D1680383-F7F0-471B-9574-7FF5AE018613}"
EndProject
Global
	GlobalSection(SolutionConfigurationPlatforms) = preSolution
		Debug|Any CPU = Debug|Any CPU
		Debug|x64 = Debug|x64
		Debug|x86 = Debug|x86
		Release|Any CPU = Release|Any CPU
		Release|x64 = Release|x64
		Release|x86 = Release|x86
	EndGlobalSection
	GlobalSection(ProjectConfigurationPlatforms) = postSolution
		{6A396FF9-E162-4AC9-84C4-D7D6DFD22272}.Debug|Any CPU.ActiveCfg = Debug|Any CPU
		{6A396FF9-E162-4AC9-84C4-D7D6DFD22272}.Debug|Any CPU.Build.0 = Debug|Any CPU
		{6A396FF9-E162-4AC9-84C4-D7D6DFD22272}.Debug|x64.ActiveCfg = Debug|Any CPU
		{6A396FF9-E162-4AC9-84C4-D7D6DFD22272}.Debug|x64.Build.0 = Debug|Any CPU
		{6A396FF9-E162-4AC9-84C4-D7D6DFD22272}.Debug|x86.ActiveCfg = Debug|Any CPU
		{6A396FF9-E162-4AC9-84C4-D7D6DFD22272}.Debug|x86.Build.0 = Debug|Any CPU
		{6A396FF9-E162-4AC9-84C4-D7D6DFD22272}.Release|Any CPU.ActiveCfg = Release|Any CPU
		{6A396FF9-E162-4AC9-84C4-D7D6DFD22272}.Release|Any CPU.Build.0 = Release|Any CPU
		{6A396FF9-E162-4AC9-84C4-D7D6DFD22272}.Release|x64.ActiveCfg = Release|Any CPU
		{6A396FF9-E162-4AC9-84C4-D7D6DFD22272}.Release|x64.Build.0 = Release|Any CPU
		{6A396FF9-E162-4AC9-84C4-D7D6DFD22272}.Release|x86.ActiveCfg = Release|Any CPU
		{6A396FF9-E162-4AC9-84C4-D7D6DFD22272}.Release|x86.Build.0 = Release|Any CPU
		{D1680383-F7F0-471B-9574-7FF5AE018613}.Debug|Any CPU.ActiveCfg = Debug|Any CPU
		{D1680383-F7F0-471B-9574-7FF5AE018613}.Debug|Any CPU.Build.0 = Debug|Any CPU
		{D1680383-F7F0-471B-9574-7FF5AE018613}.Debug|x64.ActiveCfg = Debug|Any CPU
		{D1680383-F7F0-471B-9574-7FF5AE018613}.Debug|x64.Build.0 = Debug|Any CPU
		{D1680383-F7F0-471B-9574-7FF5AE018613}.Debug|x86.ActiveCfg = Debug|Any CPU
		{D1680383-F7F0-471B-9574-7FF5AE018613}.Debug|x86.Build.0 = Debug|Any CPU
		{D1680383-F7F0-471B-9574-7FF5AE018613}.Release|Any CPU.ActiveCfg = Release|Any CPU
		{D1680383-F7F0-471B-9574-7FF5AE018613}.Release|Any CPU.Build.0 = Release|Any CPU
		{D1680383-F7F0-471B-9574-7FF5AE018613}.Release|x64.ActiveCfg = Release|Any CPU
		{D1680383-F7F0-471B-9574-7FF5AE018613}.Release|x64.Build.0 = Release|Any CPU
		{D1680383-F7F0-471B-9574-7FF5AE018613}.Release|x86.ActiveCfg = Release|Any CPU
		{D1680383-F7F0-471B-9574-7FF5AE018613}.Release|x86.Build.0 = Release|Any CPU
	EndGlobalSection
	GlobalSection(SolutionProperties) = preSolution
		HideSolutionNode = FALSE
	EndGlobalSection
	GlobalSection(NestedProjects) = preSolution
		{6A396FF9-E162-4AC9-84C4-D7D6DFD22272} = {827E0CD3-B72D-47B6-A68D-7590B98EB39B}
		{D1680383-F7F0-471B-9574-7FF5AE018613} = {827E0CD3-B72D-47B6-A68D-7590B98EB39B}
	EndGlobalSection
EndGlobal
